
Microsoft Visual Studio Solution File, Format Version 12.00
# Visual Studio Version 17
VisualStudioVersion = 17.4.33110.190
MinimumVisualStudioVersion = 10.0.40219.1
Project("{FAE04EC0-301F-11D3-BF4B-00C04F79EFBC}") = "Среднее", "Среднее\Среднее.csproj", "{6BB9C5B2-11F9-458F-BE52-93B86DDF8ADA}"
EndProject
Global
	GlobalSection(SolutionConfigurationPlatforms) = preSolution
		Debug|Any CPU = Debug|Any CPU
		Release|Any CPU = Release|Any CPU
	EndGlobalSection
	GlobalSection(ProjectConfigurationPlatforms) = postSolution
		{6BB9C5B2-11F9-458F-BE52-93B86DDF8ADA}.Debug|Any CPU.ActiveCfg = Debug|Any CPU
		{6BB9C5B2-11F9-458F-BE52-93B86DDF8ADA}.Debug|Any CPU.Build.0 = Debug|Any CPU
		{6BB9C5B2-11F9-458F-BE52-93B86DDF8ADA}.Release|Any CPU.ActiveCfg = Release|Any CPU
		{6BB9C5B2-11F9-458F-BE52-93B86DDF8ADA}.Release|Any CPU.Build.0 = Release|Any CPU
	EndGlobalSection
	GlobalSection(SolutionProperties) = preSolution
		HideSolutionNode = FALSE
	EndGlobalSection
	GlobalSection(ExtensibilityGlobals) = postSolution
		SolutionGuid = {0B9C7C00-2416-4218-8040-10B893827F82}
	EndGlobalSection
EndGlobal
